<Project xmlns="http://schemas.microsoft.com/developer/msbuild/2003">
    <PropertyGroup>
        <ProjectGuid>{47CA37A4-2A99-466F-9EB7-96556E28679B}</ProjectGuid>
        <MainSource>devcpp.dpr</MainSource>
        <Base>True</Base>
        <Config Condition="'$(Config)'==''">Debug</Config>
        <ProjectName Condition="'$(ProjectName)'==''">devcpp</ProjectName>
        <TargetedPlatforms>1</TargetedPlatforms>
        <AppType>Application</AppType>
        <FrameworkType>VCL</FrameworkType>
        <ProjectVersion>20.1</ProjectVersion>
        <Platform Condition="'$(Platform)'==''">Win32</Platform>
    </PropertyGroup>
    <PropertyGroup Condition="'$(Config)'=='Base' or '$(Base)'!=''">
        <Base>true</Base>
    </PropertyGroup>
    <PropertyGroup Condition="('$(Platform)'=='Win32' and '$(Base)'=='true') or '$(Base_Win32)'!=''">
        <Base_Win32>true</Base_Win32>
        <CfgParent>Base</CfgParent>
        <Base>true</Base>
    </PropertyGroup>
    <PropertyGroup Condition="('$(Platform)'=='Win64' and '$(Base)'=='true') or '$(Base_Win64)'!=''">
        <Base_Win64>true</Base_Win64>
        <CfgParent>Base</CfgParent>
        <Base>true</Base>
    </PropertyGroup>
    <PropertyGroup Condition="'$(Config)'=='Release' or '$(Cfg_1)'!=''">
        <Cfg_1>true</Cfg_1>
        <CfgParent>Base</CfgParent>
        <Base>true</Base>
    </PropertyGroup>
    <PropertyGroup Condition="('$(Platform)'=='Win32' and '$(Cfg_1)'=='true') or '$(Cfg_1_Win32)'!=''">
        <Cfg_1_Win32>true</Cfg_1_Win32>
        <CfgParent>Cfg_1</CfgParent>
        <Cfg_1>true</Cfg_1>
        <Base>true</Base>
    </PropertyGroup>
    <PropertyGroup Condition="'$(Config)'=='Debug' or '$(Cfg_2)'!=''">
        <Cfg_2>true</Cfg_2>
        <CfgParent>Base</CfgParent>
        <Base>true</Base>
    </PropertyGroup>
    <PropertyGroup Condition="('$(Platform)'=='Win32' and '$(Cfg_2)'=='true') or '$(Cfg_2_Win32)'!=''">
        <Cfg_2_Win32>true</Cfg_2_Win32>
        <CfgParent>Cfg_2</CfgParent>
        <Cfg_2>true</Cfg_2>
        <Base>true</Base>
    </PropertyGroup>
    <PropertyGroup Condition="'$(Base)'!=''">
        <DCC_E>false</DCC_E>
        <DCC_F>false</DCC_F>
        <DCC_K>false</DCC_K>
        <DCC_N>true</DCC_N>
        <DCC_S>false</DCC_S>
        <DCC_ImageBase>00100000</DCC_ImageBase>
        <DCC_AssertionsAtRuntime>false</DCC_AssertionsAtRuntime>
        <DCC_DebugInformation>1</DCC_DebugInformation>
        <DCC_IOChecking>false</DCC_IOChecking>
        <DCC_OpenStringParams>false</DCC_OpenStringParams>
        <DCC_SymbolReferenceInfo>1</DCC_SymbolReferenceInfo>
        <DCC_MinStackSize>32768</DCC_MinStackSize>
        <DCC_MaxStackSize>16777216</DCC_MaxStackSize>
        <DCC_ExeOutput>..</DCC_ExeOutput>
        <DCC_DcuOutput>Units</DCC_DcuOutput>
        <DCC_UnitSearchPath>VCL\ClassBrowsing;VCL\DevCpp;VCL\DevCpp\devFileMonitor;VCL\DevCpp\devShortcuts;VCL\DevCpp\CompOptionsList;VCL\SynEdit\Source;VCL\VirtualTreeView\Source;$(DCC_UnitSearchPath)</DCC_UnitSearchPath>
        <DebugSourcePath>E:\workspace\contributes\Dev-CPP\Source\VCL\ClassBrowsing\;E:\workspace\contributes\Dev-CPP\Source\VCL\VirtualTreeView\Source\;E:\workspace\contributes\Dev-CPP\Source\VCL\DevCpp\;$(DebugSourcePath)</DebugSourcePath>
        <DCC_UsePackage>vcl;rtl;vclactnband;vclx;vcldb;dbrtl;dbexpress;vclie;xmlrtl;inet;inetdbbde;inetdbxpress;dsnap;VclSmp;dbxcds;soaprtl;vclshlctrls;$(DCC_UsePackage)</DCC_UsePackage>
        <DCC_SYMBOL_PLATFORM>false</DCC_SYMBOL_PLATFORM>
        <DCC_UNIT_PLATFORM>false</DCC_UNIT_PLATFORM>
        <SanitizedProjectName>devcpp</SanitizedProjectName>
        <DCC_Namespace>Vcl;Vcl.Imaging;Vcl.Touch;Vcl.Samples;Vcl.Shell;System;Xml;Data;Datasnap;Web;Soap;Winapi;System.Win;$(DCC_Namespace)</DCC_Namespace>
        <VerInfo_IncludeVerInfo>true</VerInfo_IncludeVerInfo>
        <VerInfo_MajorVer>6</VerInfo_MajorVer>
        <VerInfo_MinorVer>4</VerInfo_MinorVer>
        <VerInfo_Locale>1033</VerInfo_Locale>
        <VerInfo_Keys>CompanyName=Roy Qu;FileDescription=Dev-C++ IDE;FileVersion=6.4.0.0;InternalName=devcpp.exe;LegalCopyright=Roy Qu(royqh1979@gmail.com);LegalTrademarks=;OriginalFilename=devcpp.exe;ProductName=Dev-C++;ProductVersion=6.0;Comments=Under the GNU General Public License</VerInfo_Keys>
    </PropertyGroup>
    <PropertyGroup Condition="'$(Base_Win32)'!=''">
        <DCC_Namespace>Winapi;System.Win;Data.Win;Datasnap.Win;Web.Win;Soap.Win;Xml.Win;Bde;$(DCC_Namespace)</DCC_Namespace>
        <BT_BuildType>Debug</BT_BuildType>
        <VerInfo_IncludeVerInfo>true</VerInfo_IncludeVerInfo>
        <VerInfo_Keys>CompanyName=;FileDescription=$(MSBuildProjectName);FileVersion=1.0.0.0;InternalName=;LegalCopyright=;LegalTrademarks=;OriginalFilename=;ProductName=$(MSBuildProjectName);ProductVersion=1.0.0.0;Comments=;ProgramID=com.embarcadero.$(MSBuildProjectName)</VerInfo_Keys>
        <VerInfo_Locale>1033</VerInfo_Locale>
        <Manifest_File>$(BDS)\bin\default_app.manifest</Manifest_File>
        <Icon_MainIcon>devcpp_Icon.ico</Icon_MainIcon>
        <UWP_DelphiLogo44>$(BDS)\bin\Artwork\Windows\UWP\delphi_UwpDefault_44.png</UWP_DelphiLogo44>
        <UWP_DelphiLogo150>$(BDS)\bin\Artwork\Windows\UWP\delphi_UwpDefault_150.png</UWP_DelphiLogo150>
    </PropertyGroup>
    <PropertyGroup Condition="'$(Base_Win64)'!=''">
        <Icon_MainIcon>devcpp_Icon.ico</Icon_MainIcon>
        <UWP_DelphiLogo44>$(BDS)\bin\Artwork\Windows\UWP\delphi_UwpDefault_44.png</UWP_DelphiLogo44>
        <UWP_DelphiLogo150>$(BDS)\bin\Artwork\Windows\UWP\delphi_UwpDefault_150.png</UWP_DelphiLogo150>
    </PropertyGroup>
    <PropertyGroup Condition="'$(Cfg_1)'!=''">
        <DCC_Define>RELEASE;$(DCC_Define)</DCC_Define>
        <DCC_DebugInformation>0</DCC_DebugInformation>
        <DCC_LocalDebugSymbols>false</DCC_LocalDebugSymbols>
        <DCC_SymbolReferenceInfo>0</DCC_SymbolReferenceInfo>
    </PropertyGroup>
    <PropertyGroup Condition="'$(Cfg_1_Win32)'!=''">
        <AppDPIAwarenessMode>PerMonitorV2</AppDPIAwarenessMode>
    </PropertyGroup>
    <PropertyGroup Condition="'$(Cfg_2)'!=''">
        <DCC_Define>DEBUG;$(DCC_Define)</DCC_Define>
        <DCC_Optimize>false</DCC_Optimize>
        <DCC_GenerateStackFrames>true</DCC_GenerateStackFrames>
        <DCC_RangeChecking>true</DCC_RangeChecking>
        <DCC_IntegerOverflowCheck>true</DCC_IntegerOverflowCheck>
    </PropertyGroup>
    <PropertyGroup Condition="'$(Cfg_2_Win32)'!=''">
        <AppDPIAwarenessMode>PerMonitorV2</AppDPIAwarenessMode>
    </PropertyGroup>
    <ItemGroup>
        <DelphiCompile Include="$(MainSource)">
            <MainSource>MainSource</MainSource>
        </DelphiCompile>
        <RcCompile Include="icons.rc">
            <Form>icons.res</Form>
        </RcCompile>
        <RcCompile Include="manifest.rc">
            <Form>manifest.res</Form>
        </RcCompile>
        <DCCReference Include="FastMM4.pas"/>
        <DCCReference Include="main.pas">
            <Form>MainForm</Form>
        </DCCReference>
        <DCCReference Include="MultiLangSupport.pas"/>
        <DCCReference Include="Version.pas"/>
        <DCCReference Include="Utils.pas"/>
        <DCCReference Include="Tests.pas"/>
        <DCCReference Include="LangFrm.pas">
            <Form>LangForm</Form>
        </DCCReference>
        <DCCReference Include="Project.pas"/>
        <DCCReference Include="Templates.pas"/>
        <DCCReference Include="NewProjectFrm.pas">
            <Form>NewProjectForm</Form>
        </DCCReference>
        <DCCReference Include="RemoveUnitFrm.pas">
            <Form>RemoveUnitForm</Form>
        </DCCReference>
        <DCCReference Include="GotoLineFrm.pas">
            <Form>GotoLineForm</Form>
        </DCCReference>
        <DCCReference Include="PrintFrm.pas">
            <Form>PrintForm</Form>
        </DCCReference>
        <DCCReference Include="AboutFrm.pas">
            <Form>AboutForm</Form>
        </DCCReference>
        <DCCReference Include="Compiler.pas"/>
        <DCCReference Include="devrun.pas"/>
        <DCCReference Include="ProjectOptionsFrm.pas">
            <Form>ProjectOptionsForm</Form>
        </DCCReference>
        <DCCReference Include="ToolFrm.pas">
            <Form>ToolFrom</Form>
        </DCCReference>
        <DCCReference Include="ToolEditFrm.pas">
            <Form>ToolEditForm</Form>
        </DCCReference>
        <DCCReference Include="IconFrm.pas">
            <Form>IconForm</Form>
        </DCCReference>
        <DCCReference Include="devCFG.pas"/>
        <DCCReference Include="DataFrm.pas">
            <Form>dmMain</Form>
            <DesignClass>TDataModule</DesignClass>
        </DCCReference>
        <DCCReference Include="EditorOptfrm.pas">
            <Form>EditorOptForm</Form>
        </DCCReference>
        <DCCReference Include="IncrementalFrm.pas">
            <Form>IncrementalForm</Form>
        </DCCReference>
        <DCCReference Include="FindFrm.pas">
            <Form>FindForm</Form>
        </DCCReference>
        <DCCReference Include="Editor.pas"/>
        <DCCReference Include="EnviroFrm.pas">
            <Form>EnviroForm</Form>
        </DCCReference>
        <DCCReference Include="DebugReader.pas"/>
        <DCCReference Include="Debugger.pas"/>
        <DCCReference Include="EditorList.pas"/>
        <DCCReference Include="CFGData.pas"/>
        <DCCReference Include="ProjectTypes.pas"/>
        <DCCReference Include="Macros.pas"/>
        <DCCReference Include="devExec.pas"/>
        <DCCReference Include="NewTemplateFrm.pas">
            <Form>NewTemplateForm</Form>
        </DCCReference>
        <DCCReference Include="FunctionSearchFrm.pas">
            <Form>FunctionSearchForm</Form>
        </DCCReference>
        <DCCReference Include="NewVarFrm.pas">
            <Form>NewVarForm</Form>
        </DCCReference>
        <DCCReference Include="NewFunctionFrm.pas">
            <Form>NewFunctionForm</Form>
        </DCCReference>
        <DCCReference Include="NewClassFrm.pas">
            <Form>NewClassForm</Form>
        </DCCReference>
        <DCCReference Include="ProfileAnalysisFrm.pas">
            <Form>ProfileAnalysisForm</Form>
        </DCCReference>
        <DCCReference Include="FilePropertiesFrm.pas">
            <Form>FilePropertiesForm</Form>
        </DCCReference>
        <DCCReference Include="AddToDoFrm.pas">
            <Form>AddToDoForm</Form>
        </DCCReference>
        <DCCReference Include="ViewToDoFrm.pas">
            <Form>ViewToDoForm</Form>
        </DCCReference>
        <DCCReference Include="ImportMSVCFrm.pas">
            <Form>ImportMSVCForm</Form>
        </DCCReference>
        <DCCReference Include="ImportCBFrm.pas">
            <Form>ImportCBForm</Form>
        </DCCReference>
        <DCCReference Include="CPUFrm.pas">
            <Form>CPUForm</Form>
        </DCCReference>
        <DCCReference Include="FileAssocs.pas"/>
        <DCCReference Include="TipOfTheDayFrm.pas">
            <Form>TipOfTheDayForm</Form>
        </DCCReference>
        <DCCReference Include="ExceptionFrm.pas">
            <Form>ExceptionFrm</Form>
        </DCCReference>
        <DCCReference Include="WindowListFrm.pas">
            <Form>WindowListForm</Form>
        </DCCReference>
        <DCCReference Include="ParamsFrm.pas">
            <Form>ParamsForm</Form>
        </DCCReference>
        <DCCReference Include="CompOptionsFrame.pas">
            <Form>CompOptionsFrame</Form>
            <DesignClass>TFrame</DesignClass>
        </DCCReference>
        <DCCReference Include="CompOptionsFrm.pas">
            <Form>CompOptionsForm</Form>
        </DCCReference>
        <DCCReference Include="FormatterOptionsFrm.pas">
            <Form>FormatterOptionsForm</Form>
        </DCCReference>
        <DCCReference Include="ProcessListFrm.pas">
            <Form>ProcessListForm</Form>
        </DCCReference>
        <DCCReference Include="Tools\Packman\PackmanExitCodesU.pas"/>
        <DCCReference Include="ImageTheme.pas"/>
        <DCCReference Include="Instances.pas"/>
        <DCCReference Include="RenameFrm.pas">
            <Form>RenameForm</Form>
        </DCCReference>
        <DCCReference Include="Refactorer.pas"/>
        <DCCReference Include="CodePage.pas"/>
        <DCCReference Include="CodeInsList.pas"/>
        <DCCReference Include="TabnineForm.pas">
            <Form>TabnineForm</Form>
        </DCCReference>
        <DCCReference Include="Tabnine.pas"/>
        <DCCReference Include="AutoLinkList.pas"/>
        <DCCReference Include="devParser.pas"/>
        <DCCReference Include="AgentProcess.pas"/>
        <DCCReference Include="AgentReader.pas"/>
        <DCCReference Include="AgentProtocol.pas"/>
        <DCCReference Include="AgentConfig.pas"/>
        <DCCReference Include="AgentPanel.pas">
            <Form>AgentPanelFrame</Form>
            <DesignClass>TFrame</DesignClass>
        </DCCReference>
        <DCCReference Include="AgentSetupFrm.pas">
            <Form>AgentSetupForm</Form>
        </DCCReference>
        <None Include="LangIDs.inc">
            <ContainerId>File</ContainerId>
        </None>
        <None Include="FastMM4Options.inc">
            <ContainerId>File</ContainerId>
        </None>
        <BuildConfiguration Include="Base">
            <Key>Base</Key>
        </BuildConfiguration>
        <BuildConfiguration Include="Release">
            <Key>Cfg_1</Key>
            <CfgParent>Base</CfgParent>
        </BuildConfiguration>
        <BuildConfiguration Include="Debug">
            <Key>Cfg_2</Key>
            <CfgParent>Base</CfgParent>
        </BuildConfiguration>
    </ItemGroup>
    <ProjectExtensions>
        <Borland.Personality>Delphi.Personality.12</Borland.Personality>
        <Borland.ProjectType/>
        <BorlandProject>
            <Delphi.Personality>
                <Source>
                    <Source Name="MainSource">devcpp.dpr</Source>
                </Source>
            </Delphi.Personality>
            <Platforms>
                <Platform value="Win32">True</Platform>
                <Platform value="Win64">False</Platform>
            </Platforms>
        </BorlandProject>
        <ProjectFileVersion>12</ProjectFileVersion>
    </ProjectExtensions>
    <Import Project="$(BDS)\Bin\CodeGear.Delphi.Targets" Condition="Exists('$(BDS)\Bin\CodeGear.Delphi.Targets')"/>
    <Import Project="$(APPDATA)\Embarcadero\$(BDSAPPDATABASEDIR)\$(PRODUCTVERSION)\UserTools.proj" Condition="Exists('$(APPDATA)\Embarcadero\$(BDSAPPDATABASEDIR)\$(PRODUCTVERSION)\UserTools.proj')"/>
</Project>
